
Microsoft Visual Studio Solution File, Format Version 12.00
# Visual Studio Version 16
VisualStudioVersion = 16.0.31729.503
MinimumVisualStudioVersion = 10.0.40219.1
Project("{FAE04EC0-301F-11D3-BF4B-00C04F79EFBC}") = "001_Alfabeto", "001_Alfabeto\001_Alfabeto.csproj", "{E48B863C-0E7B-45A9-8BC9-89B918A36095}"
EndProject
Project("{FAE04EC0-301F-11D3-BF4B-00C04F79EFBC}") = "002_Meses", "002_Meses\002_Meses.csproj", "{E1E6399B-73D5-42FE-965E-E8FCE37F6157}"
EndProject
Project("{FAE04EC0-301F-11D3-BF4B-00C04F79EFBC}") = "004_Bhaskara", "004_Bhaskara\004_Bhaskara.csproj", "{11C52352-3A71-4921-85C3-B57FC9DAF06A}"
EndProject
Project("{FAE04EC0-301F-11D3-BF4B-00C04F79EFBC}") = "003_NomeInvertido", "003_NomeInvertido\003_NomeInvertido.csproj", "{A238291C-F359-47A7-A094-78AAB7248E0E}"
EndProject
Project("{FAE04EC0-301F-11D3-BF4B-00C04F79EFBC}") = "005_Estados", "005_ESTADOS\005_Estados.csproj", "{9169103B-1DB8-4F24-B9B7-9288BC2F3433}"
EndProject
Project("{FAE04EC0-301F-11D3-BF4B-00C04F79EFBC}") = "006_ConversaoDataAmericana", "006_ConversaoDataAmericana\006_ConversaoDataAmericana.csproj", "{E90F03CB-E58A-4E6C-888B-DF64A4EEADE8}"
EndProject
Global
	GlobalSection(SolutionConfigurationPlatforms) = preSolution
		Debug|Any CPU = Debug|Any CPU
		Release|Any CPU = Release|Any CPU
	EndGlobalSection
	GlobalSection(ProjectConfigurationPlatforms) = postSolution
		{E48B863C-0E7B-45A9-8BC9-89B918A36095}.Debug|Any CPU.ActiveCfg = Debug|Any CPU
		{E48B863C-0E7B-45A9-8BC9-89B918A36095}.Debug|Any CPU.Build.0 = Debug|Any CPU
		{E48B863C-0E7B-45A9-8BC9-89B918A36095}.Release|Any CPU.ActiveCfg = Release|Any CPU
		{E48B863C-0E7B-45A9-8BC9-89B918A36095}.Release|Any CPU.Build.0 = Release|Any CPU
		{E1E6399B-73D5-42FE-965E-E8FCE37F6157}.Debug|Any CPU.ActiveCfg = Debug|Any CPU
		{E1E6399B-73D5-42FE-965E-E8FCE37F6157}.Debug|Any CPU.Build.0 = Debug|Any CPU
		{E1E6399B-73D5-42FE-965E-E8FCE37F6157}.Release|Any CPU.ActiveCfg = Release|Any CPU
		{E1E6399B-73D5-42FE-965E-E8FCE37F6157}.Release|Any CPU.Build.0 = Release|Any CPU
		{11C52352-3A71-4921-85C3-B57FC9DAF06A}.Debug|Any CPU.ActiveCfg = Debug|Any CPU
		{11C52352-3A71-4921-85C3-B57FC9DAF06A}.Debug|Any CPU.Build.0 = Debug|Any CPU
		{11C52352-3A71-4921-85C3-B57FC9DAF06A}.Release|Any CPU.ActiveCfg = Release|Any CPU
		{11C52352-3A71-4921-85C3-B57FC9DAF06A}.Release|Any CPU.Build.0 = Release|Any CPU
		{A238291C-F359-47A7-A094-78AAB7248E0E}.Debug|Any CPU.ActiveCfg = Debug|Any CPU
		{A238291C-F359-47A7-A094-78AAB7248E0E}.Debug|Any CPU.Build.0 = Debug|Any CPU
		{A238291C-F359-47A7-A094-78AAB7248E0E}.Release|Any CPU.ActiveCfg = Release|Any CPU
		{A238291C-F359-47A7-A094-78AAB7248E0E}.Release|Any CPU.Build.0 = Release|Any CPU
		{9169103B-1DB8-4F24-B9B7-9288BC2F3433}.Debug|Any CPU.ActiveCfg = Debug|Any CPU
		{9169103B-1DB8-4F24-B9B7-9288BC2F3433}.Debug|Any CPU.Build.0 = Debug|Any CPU
		{9169103B-1DB8-4F24-B9B7-9288BC2F3433}.Release|Any CPU.ActiveCfg = Release|Any CPU
		{9169103B-1DB8-4F24-B9B7-9288BC2F3433}.Release|Any CPU.Build.0 = Release|Any CPU
		{E90F03CB-E58A-4E6C-888B-DF64A4EEADE8}.Debug|Any CPU.ActiveCfg = Debug|Any CPU
		{E90F03CB-E58A-4E6C-888B-DF64A4EEADE8}.Debug|Any CPU.Build.0 = Debug|Any CPU
		{E90F03CB-E58A-4E6C-888B-DF64A4EEADE8}.Release|Any CPU.ActiveCfg = Release|Any CPU
		{E90F03CB-E58A-4E6C-888B-DF64A4EEADE8}.Release|Any CPU.Build.0 = Release|Any CPU
	EndGlobalSection
	GlobalSection(SolutionProperties) = preSolution
		HideSolutionNode = FALSE
	EndGlobalSection
	GlobalSection(ExtensibilityGlobals) = postSolution
		SolutionGuid = {2C889F3F-AFB1-4CCA-9B30-77CC0B3BAFAB}
	EndGlobalSection
EndGlobal
